// !$*UTF8*$!
{
	archiveVersion = 1;
	classes = {
	};
	objectVersion = 53;
	objects = {

/* Begin PBXBuildFile section */
		DA8DB1C329316F05000D155E /* SDL_net.h in Headers */ = {isa = PBXBuildFile; fileRef = DA8DB1C129316F05000D155E /* SDL_net.h */; settings = {ATTRIBUTES = (Public, ); }; };
		DA8DB1C429316F05000D155E /* SDLnetsys.h in Headers */ = {isa = PBXBuildFile; fileRef = DA8DB1C229316F05000D155E /* SDLnetsys.h */; settings = {ATTRIBUTES = (Private, ); }; };
		DA8DB1C929316F34000D155E /* SDLnetselect.c in Sources */ = {isa = PBXBuildFile; fileRef = DA8DB1C529316F34000D155E /* SDLnetselect.c */; };
		DA8DB1CA29316F34000D155E /* SDLnetTCP.c in Sources */ = {isa = PBXBuildFile; fileRef = DA8DB1C629316F34000D155E /* SDLnetTCP.c */; };
		DA8DB1CB29316F34000D155E /* SDLnet.c in Sources */ = {isa = PBXBuildFile; fileRef = DA8DB1C729316F34000D155E /* SDLnet.c */; };
		DA8DB1CC29316F34000D155E /* SDLnetUDP.c in Sources */ = {isa = PBXBuildFile; fileRef = DA8DB1C829316F34000D155E /* SDLnetUDP.c */; };
		DA9745B82917B15200DF9EA1 /* SDL.framework in Frameworks */ = {isa = PBXBuildFile; fileRef = DA9745B62917B05400DF9EA1 /* SDL.framework */; };
/* End PBXBuildFile section */

/* Begin PBXFileReference section */
		DA8DB1C129316F05000D155E /* SDL_net.h */ = {isa = PBXFileReference; fileEncoding = 4; lastKnownFileType = sourcecode.c.h; name = SDL_net.h; path = SDL1_net/Headers/SDL_net.h; sourceTree = SOURCE_ROOT; };
		DA8DB1C229316F05000D155E /* SDLnetsys.h */ = {isa = PBXFileReference; fileEncoding = 4; lastKnownFileType = sourcecode.c.h; name = SDLnetsys.h; path = SDL1_net/Headers/SDLnetsys.h; sourceTree = SOURCE_ROOT; };
		DA8DB1C529316F34000D155E /* SDLnetselect.c */ = {isa = PBXFileReference; fileEncoding = 4; lastKnownFileType = sourcecode.c.c; name = SDLnetselect.c; path = SDL1_net/SDLnetselect.c; sourceTree = "<group>"; };
		DA8DB1C629316F34000D155E /* SDLnetTCP.c */ = {isa = PBXFileReference; fileEncoding = 4; lastKnownFileType = sourcecode.c.c; name = SDLnetTCP.c; path = SDL1_net/SDLnetTCP.c; sourceTree = "<group>"; };
		DA8DB1C729316F34000D155E /* SDLnet.c */ = {isa = PBXFileReference; fileEncoding = 4; lastKnownFileType = sourcecode.c.c; name = SDLnet.c; path = SDL1_net/SDLnet.c; sourceTree = "<group>"; };
		DA8DB1C829316F34000D155E /* SDLnetUDP.c */ = {isa = PBXFileReference; fileEncoding = 4; lastKnownFileType = sourcecode.c.c; name = SDLnetUDP.c; path = SDL1_net/SDLnetUDP.c; sourceTree = "<group>"; };
		DA9745872916D68800DF9EA1 /* SDL_net.framework */ = {isa = PBXFileReference; explicitFileType = wrapper.framework; includeInIndex = 0; path = SDL_net.framework; sourceTree = BUILT_PRODUCTS_DIR; };
		DA9745B62917B05400DF9EA1 /* SDL.framework */ = {isa = PBXFileReference; lastKnownFileType = wrapper.framework; name = SDL.framework; path = ../../../../Library/Frameworks/SDL.framework; sourceTree = "<group>"; };
/* End PBXFileReference section */

/* Begin PBXFrameworksBuildPhase section */
		DA9745842916D68800DF9EA1 /* Frameworks */ = {
			isa = PBXFrameworksBuildPhase;
			buildActionMask = 2147483647;
			files = (
				DA9745B82917B15200DF9EA1 /* SDL.framework in Frameworks */,
			);
			runOnlyForDeploymentPostprocessing = 0;
		};
/* End PBXFrameworksBuildPhase section */

/* Begin PBXGroup section */
		DA82DE3B29167E6E000CB809 = {
			isa = PBXGroup;
			children = (
				DA9745812916D5FF00DF9EA1 /* SDL1_net */,
				DA82DE4629167E6E000CB809 /* Products */,
				DA9745B32916D85200DF9EA1 /* Frameworks */,
			);
			sourceTree = "<group>";
		};
		DA82DE4629167E6E000CB809 /* Products */ = {
			isa = PBXGroup;
			children = (
				DA9745872916D68800DF9EA1 /* SDL_net.framework */,
			);
			name = Products;
			sourceTree = "<group>";
		};
		DA9745812916D5FF00DF9EA1 /* SDL1_net */ = {
			isa = PBXGroup;
			children = (
				DA8DB1C729316F34000D155E /* SDLnet.c */,
				DA8DB1C529316F34000D155E /* SDLnetselect.c */,
				DA8DB1C629316F34000D155E /* SDLnetTCP.c */,
				DA8DB1C829316F34000D155E /* SDLnetUDP.c */,
				DA9745B02916D72800DF9EA1 /* Headers */,
			);
			name = SDL1_net;
			sourceTree = "<group>";
		};
		DA9745B02916D72800DF9EA1 /* Headers */ = {
			isa = PBXGroup;
			children = (
				DA8DB1C129316F05000D155E /* SDL_net.h */,
				DA8DB1C229316F05000D155E /* SDLnetsys.h */,
			);
			name = Headers;
			path = SDL1_image/Headers;
			sourceTree = "<group>";
		};
		DA9745B32916D85200DF9EA1 /* Frameworks */ = {
			isa = PBXGroup;
			children = (
				DA9745B62917B05400DF9EA1 /* SDL.framework */,
			);
			name = Frameworks;
			sourceTree = "<group>";
		};
/* End PBXGroup section */

/* Begin PBXHeadersBuildPhase section */
		DA9745822916D68800DF9EA1 /* Headers */ = {
			isa = PBXHeadersBuildPhase;
			buildActionMask = 2147483647;
			files = (
				DA8DB1C429316F05000D155E /* SDLnetsys.h in Headers */,
				DA8DB1C329316F05000D155E /* SDL_net.h in Headers */,
			);
			runOnlyForDeploymentPostprocessing = 0;
		};
/* End PBXHeadersBuildPhase section */

/* Begin PBXNativeTarget section */
		DA9745862916D68800DF9EA1 /* SDL_net */ = {
			isa = PBXNativeTarget;
			buildConfigurationList = DA97458B2916D68800DF9EA1 /* Build configuration list for PBXNativeTarget "SDL_net" */;
			buildPhases = (
				DA9745822916D68800DF9EA1 /* Headers */,
				DA9745832916D68800DF9EA1 /* Sources */,
				DA9745842916D68800DF9EA1 /* Frameworks */,
				DA9745852916D68800DF9EA1 /* Resources */,
			);
			buildRules = (
			);
			dependencies = (
			);
			name = SDL_net;
			productName = SDL_image;
			productReference = DA9745872916D68800DF9EA1 /* SDL_net.framework */;
			productType = "com.apple.product-type.framework";
		};
/* End PBXNativeTarget section */

/* Begin PBXProject section */
		DA82DE3C29167E6E000CB809 /* Project object */ = {
			isa = PBXProject;
			attributes = {
				BuildIndependentTargetsInParallel = 1;
				LastUpgradeCheck = 1410;
				TargetAttributes = {
					DA9745862916D68800DF9EA1 = {
						CreatedOnToolsVersion = 14.1;
					};
				};
			};
			buildConfigurationList = DA82DE3F29167E6E000CB809 /* Build configuration list for PBXProject "SDL_net" */;
			compatibilityVersion = "Xcode 3.2";
			developmentRegion = en;
			hasScannedForEncodings = 0;
			knownRegions = (
				en,
				Base,
			);
			mainGroup = DA82DE3B29167E6E000CB809;
			productRefGroup = DA82DE4629167E6E000CB809 /* Products */;
			projectDirPath = "";
			projectRoot = "";
			targets = (
				DA9745862916D68800DF9EA1 /* SDL_net */,
			);
		};
/* End PBXProject section */

/* Begin PBXResourcesBuildPhase section */
		DA9745852916D68800DF9EA1 /* Resources */ = {
			isa = PBXResourcesBuildPhase;
			buildActionMask = 2147483647;
			files = (
			);
			runOnlyForDeploymentPostprocessing = 0;
		};
/* End PBXResourcesBuildPhase section */

/* Begin PBXSourcesBuildPhase section */
		DA9745832916D68800DF9EA1 /* Sources */ = {
			isa = PBXSourcesBuildPhase;
			buildActionMask = 2147483647;
			files = (
				DA8DB1CB29316F34000D155E /* SDLnet.c in Sources */,
				DA8DB1C929316F34000D155E /* SDLnetselect.c in Sources */,
				DA8DB1CA29316F34000D155E /* SDLnetTCP.c in Sources */,
				DA8DB1CC29316F34000D155E /* SDLnetUDP.c in Sources */,
			);
			runOnlyForDeploymentPostprocessing = 0;
		};
/* End PBXSourcesBuildPhase section */

/* Begin XCBuildConfiguration section */
		DA82DE4A29167E6E000CB809 /* Debug */ = {
			isa = XCBuildConfiguration;
			buildSettings = {
				ALWAYS_SEARCH_USER_PATHS = NO;
				CLANG_ANALYZER_NONNULL = YES;
				CLANG_ANALYZER_NUMBER_OBJECT_CONVERSION = YES_AGGRESSIVE;
				CLANG_CXX_LANGUAGE_STANDARD = "gnu++20";
				CLANG_ENABLE_MODULES = YES;
				CLANG_ENABLE_OBJC_ARC = YES;
				CLANG_ENABLE_OBJC_WEAK = YES;
				CLANG_WARN_BLOCK_CAPTURE_AUTORELEASING = YES;
				CLANG_WARN_BOOL_CONVERSION = YES;
				CLANG_WARN_COMMA = YES;
				CLANG_WARN_CONSTANT_CONVERSION = YES;
				CLANG_WARN_DEPRECATED_OBJC_IMPLEMENTATIONS = YES;
				CLANG_WARN_DIRECT_OBJC_ISA_USAGE = YES_ERROR;
				CLANG_WARN_DOCUMENTATION_COMMENTS = YES;
				CLANG_WARN_EMPTY_BODY = YES;
				CLANG_WARN_ENUM_CONVERSION = YES;
				CLANG_WARN_INFINITE_RECURSION = YES;
				CLANG_WARN_INT_CONVERSION = YES;
				CLANG_WARN_NON_LITERAL_NULL_CONVERSION = YES;
				CLANG_WARN_OBJC_IMPLICIT_RETAIN_SELF = YES;
				CLANG_WARN_OBJC_LITERAL_CONVERSION = YES;
				CLANG_WARN_OBJC_ROOT_CLASS = YES_ERROR;
				CLANG_WARN_QUOTED_INCLUDE_IN_FRAMEWORK_HEADER = YES;
				CLANG_WARN_RANGE_LOOP_ANALYSIS = YES;
				CLANG_WARN_STRICT_PROTOTYPES = YES;
				CLANG_WARN_SUSPICIOUS_MOVE = YES;
				CLANG_WARN_UNGUARDED_AVAILABILITY = YES_AGGRESSIVE;
				CLANG_WARN_UNREACHABLE_CODE = YES;
				CLANG_WARN__DUPLICATE_METHOD_MATCH = YES;
				COPY_PHASE_STRIP = NO;
				CURRENT_PROJECT_VERSION = 1;
				DEBUG_INFORMATION_FORMAT = dwarf;
				ENABLE_STRICT_OBJC_MSGSEND = YES;
				ENABLE_TESTABILITY = YES;
				FRAMEWORK_SEARCH_PATHS = (
					"$(inherited)",
					"$(USER_LIBRARY_DIR)/Frameworks",
				);
				GCC_C_LANGUAGE_STANDARD = gnu11;
				GCC_DYNAMIC_NO_PIC = NO;
				GCC_NO_COMMON_BLOCKS = YES;
				GCC_OPTIMIZATION_LEVEL = 0;
				GCC_PREPROCESSOR_DEFINITIONS = (
					"DEBUG=1",
					"$(inherited)",
				);
				GCC_WARN_64_TO_32_BIT_CONVERSION = YES;
				GCC_WARN_ABOUT_RETURN_TYPE = YES_ERROR;
				GCC_WARN_UNDECLARED_SELECTOR = YES;
				GCC_WARN_UNINITIALIZED_AUTOS = YES_AGGRESSIVE;
				GCC_WARN_UNUSED_FUNCTION = YES;
				GCC_WARN_UNUSED_VARIABLE = YES;
				HEADER_SEARCH_PATHS = "\"$(SRCROOT)/SDL1_net/Headers\"";
				LIBRARY_SEARCH_PATHS = "$(PROJECT_DIR)/lib";
				MACOSX_DEPLOYMENT_TARGET = 10.13;
				MTL_ENABLE_DEBUG_INFO = INCLUDE_SOURCE;
				MTL_FAST_MATH = YES;
				ONLY_ACTIVE_ARCH = YES;
				SDKROOT = macosx;
				VERSIONING_SYSTEM = "apple-generic";
				VERSION_INFO_PREFIX = "";
			};
			name = Debug;
		};
		DA82DE4B29167E6E000CB809 /* Release */ = {
			isa = XCBuildConfiguration;
			buildSettings = {
				ALWAYS_SEARCH_USER_PATHS = NO;
				CLANG_ANALYZER_NONNULL = YES;
				CLANG_ANALYZER_NUMBER_OBJECT_CONVERSION = YES_AGGRESSIVE;
				CLANG_CXX_LANGUAGE_STANDARD = "gnu++20";
				CLANG_ENABLE_MODULES = YES;
				CLANG_ENABLE_OBJC_ARC = YES;
				CLANG_ENABLE_OBJC_WEAK = YES;
				CLANG_WARN_BLOCK_CAPTURE_AUTORELEASING = YES;
				CLANG_WARN_BOOL_CONVERSION = YES;
				CLANG_WARN_COMMA = YES;
				CLANG_WARN_CONSTANT_CONVERSION = YES;
				CLANG_WARN_DEPRECATED_OBJC_IMPLEMENTATIONS = YES;
				CLANG_WARN_DIRECT_OBJC_ISA_USAGE = YES_ERROR;
				CLANG_WARN_DOCUMENTATION_COMMENTS = YES;
				CLANG_WARN_EMPTY_BODY = YES;
				CLANG_WARN_ENUM_CONVERSION = YES;
				CLANG_WARN_INFINITE_RECURSION = YES;
				CLANG_WARN_INT_CONVERSION = YES;
				CLANG_WARN_NON_LITERAL_NULL_CONVERSION = YES;
				CLANG_WARN_OBJC_IMPLICIT_RETAIN_SELF = YES;
				CLANG_WARN_OBJC_LITERAL_CONVERSION = YES;
				CLANG_WARN_OBJC_ROOT_CLASS = YES_ERROR;
				CLANG_WARN_QUOTED_INCLUDE_IN_FRAMEWORK_HEADER = YES;
				CLANG_WARN_RANGE_LOOP_ANALYSIS = YES;
				CLANG_WARN_STRICT_PROTOTYPES = YES;
				CLANG_WARN_SUSPICIOUS_MOVE = YES;
				CLANG_WARN_UNGUARDED_AVAILABILITY = YES_AGGRESSIVE;
				CLANG_WARN_UNREACHABLE_CODE = YES;
				CLANG_WARN__DUPLICATE_METHOD_MATCH = YES;
				COPY_PHASE_STRIP = NO;
				CURRENT_PROJECT_VERSION = 1;
				DEBUG_INFORMATION_FORMAT = "dwarf-with-dsym";
				ENABLE_NS_ASSERTIONS = NO;
				ENABLE_STRICT_OBJC_MSGSEND = YES;
				FRAMEWORK_SEARCH_PATHS = (
					"$(inherited)",
					"$(USER_LIBRARY_DIR)/Frameworks",
				);
				GCC_C_LANGUAGE_STANDARD = gnu11;
				GCC_NO_COMMON_BLOCKS = YES;
				GCC_WARN_64_TO_32_BIT_CONVERSION = YES;
				GCC_WARN_ABOUT_RETURN_TYPE = YES_ERROR;
				GCC_WARN_UNDECLARED_SELECTOR = YES;
				GCC_WARN_UNINITIALIZED_AUTOS = YES_AGGRESSIVE;
				GCC_WARN_UNUSED_FUNCTION = YES;
				GCC_WARN_UNUSED_VARIABLE = YES;
				HEADER_SEARCH_PATHS = "\"$(SRCROOT)/SDL1_net/Headers\"";
				LIBRARY_SEARCH_PATHS = "$(PROJECT_DIR)/lib";
				MACOSX_DEPLOYMENT_TARGET = 10.13;
				MTL_ENABLE_DEBUG_INFO = NO;
				MTL_FAST_MATH = YES;
				SDKROOT = macosx;
				VERSIONING_SYSTEM = "apple-generic";
				VERSION_INFO_PREFIX = "";
			};
			name = Release;
		};
		DA97458C2916D68800DF9EA1 /* Debug */ = {
			isa = XCBuildConfiguration;
			buildSettings = {
				CLANG_ALLOW_NON_MODULAR_INCLUDES_IN_FRAMEWORK_MODULES = YES;
				CLANG_ENABLE_MODULES = NO;
				CLANG_ENABLE_MODULE_DEBUGGING = YES;
				CLANG_ENABLE_OBJC_ARC = NO;
				CLANG_ENABLE_OBJC_WEAK = NO;
				CODE_SIGN_STYLE = Automatic;
				COMBINE_HIDPI_IMAGES = YES;
				CURRENT_PROJECT_VERSION = 1.2.8;
				DEFINES_MODULE = YES;
				DEVELOPMENT_TEAM = L6WTAR259W;
				DYLIB_COMPATIBILITY_VERSION = 1;
				DYLIB_CURRENT_VERSION = 1;
				DYLIB_INSTALL_NAME_BASE = "@rpath";
				FRAMEWORK_SEARCH_PATHS = "$(inherited)";
				GENERATE_INFOPLIST_FILE = YES;
				HEADER_SEARCH_PATHS = "$(inherited)";
				INFOPLIST_KEY_NSHumanReadableCopyright = "";
				INSTALL_PATH = "$(LOCAL_LIBRARY_DIR)/Frameworks";
				LD_RUNPATH_SEARCH_PATHS = (
					"$(inherited)",
					"@executable_path/../Frameworks",
					"@loader_path/Frameworks",
				);
				LIBRARY_SEARCH_PATHS = "$(inherited)";
				MACOSX_DEPLOYMENT_TARGET = 10.13;
				MARKETING_VERSION = 1.2.8;
				PRECOMPS_INCLUDE_HEADERS_FROM_BUILT_PRODUCTS_DIR = YES;
				PRODUCT_BUNDLE_IDENTIFIER = "org.libsdl.SDL-net";
				PRODUCT_NAME = "$(TARGET_NAME:c99extidentifier)";
				SKIP_INSTALL = YES;
				SWIFT_EMIT_LOC_STRINGS = YES;
				USE_HEADERMAP = NO;
			};
			name = Debug;
		};
		DA97458D2916D68800DF9EA1 /* Release */ = {
			isa = XCBuildConfiguration;
			buildSettings = {
				CLANG_ALLOW_NON_MODULAR_INCLUDES_IN_FRAMEWORK_MODULES = YES;
				CLANG_ENABLE_MODULES = NO;
				CLANG_ENABLE_MODULE_DEBUGGING = YES;
				CLANG_ENABLE_OBJC_ARC = NO;
				CLANG_ENABLE_OBJC_WEAK = NO;
				CODE_SIGN_STYLE = Automatic;
				COMBINE_HIDPI_IMAGES = YES;
				CURRENT_PROJECT_VERSION = 1.2.8;
				DEFINES_MODULE = YES;
				DEVELOPMENT_TEAM = L6WTAR259W;
				DYLIB_COMPATIBILITY_VERSION = 1;
				DYLIB_CURRENT_VERSION = 1;
				DYLIB_INSTALL_NAME_BASE = "@rpath";
				FRAMEWORK_SEARCH_PATHS = "$(inherited)";
				GENERATE_INFOPLIST_FILE = YES;
				HEADER_SEARCH_PATHS = "$(inherited)";
				INFOPLIST_KEY_NSHumanReadableCopyright = "";
				INSTALL_PATH = "$(LOCAL_LIBRARY_DIR)/Frameworks";
				LD_RUNPATH_SEARCH_PATHS = (
					"$(inherited)",
					"@executable_path/../Frameworks",
					"@loader_path/Frameworks",
				);
				LIBRARY_SEARCH_PATHS = "$(inherited)";
				MACOSX_DEPLOYMENT_TARGET = 10.13;
				MARKETING_VERSION = 1.2.8;
				PRECOMPS_INCLUDE_HEADERS_FROM_BUILT_PRODUCTS_DIR = YES;
				PRODUCT_BUNDLE_IDENTIFIER = "org.libsdl.SDL-net";
				PRODUCT_NAME = "$(TARGET_NAME:c99extidentifier)";
				SKIP_INSTALL = NO;
				SWIFT_EMIT_LOC_STRINGS = YES;
				USE_HEADERMAP = NO;
			};
			name = Release;
		};
/* End XCBuildConfiguration section */

/* Begin XCConfigurationList section */
		DA82DE3F29167E6E000CB809 /* Build configuration list for PBXProject "SDL_net" */ = {
			isa = XCConfigurationList;
			buildConfigurations = (
				DA82DE4A29167E6E000CB809 /* Debug */,
				DA82DE4B29167E6E000CB809 /* Release */,
			);
			defaultConfigurationIsVisible = 0;
			defaultConfigurationName = Release;
		};
		DA97458B2916D68800DF9EA1 /* Build configuration list for PBXNativeTarget "SDL_net" */ = {
			isa = XCConfigurationList;
			buildConfigurations = (
				DA97458C2916D68800DF9EA1 /* Debug */,
				DA97458D2916D68800DF9EA1 /* Release */,
			);
			defaultConfigurationIsVisible = 0;
			defaultConfigurationName = Release;
		};
/* End XCConfigurationList section */
	};
	rootObject = DA82DE3C29167E6E000CB809 /* Project object */;
}
